
Microsoft Visual Studio Solution File, Format Version 12.00
# Visual Studio 15
Project("{FAE04EC0-301F-11D3-BF4B-00C04F79EFBC}") = "JamFramework.Runtime", "JamFramework.Runtime.csproj", "{CFB50503-B03C-54BB-C526-EAC37D81BE4C}"
EndProject
Project("{FAE04EC0-301F-11D3-BF4B-00C04F79EFBC}") = "JamFramework.Editor", "JamFramework.Editor.csproj", "{C4D372FE-AD50-A092-E6BC-B1B1641C0E29}"
EndProject
Global
	GlobalSection(SolutionConfigurationPlatforms) = preSolution
		Debug|Any CPU = Debug|Any CPU
		Release|Any CPU = Release|Any CPU
	EndGlobalSection
	GlobalSection(ProjectConfigurationPlatforms) = postSolution
		{CFB50503-B03C-54BB-C526-EAC37D81BE4C}.Debug|Any CPU.ActiveCfg = Debug|Any CPU
		{CFB50503-B03C-54BB-C526-EAC37D81BE4C}.Debug|Any CPU.Build.0 = Debug|Any CPU
		{CFB50503-B03C-54BB-C526-EAC37D81BE4C}.Release|Any CPU.ActiveCfg = Release|Any CPU
		{CFB50503-B03C-54BB-C526-EAC37D81BE4C}.Release|Any CPU.Build.0 = Release|Any CPU
		{C4D372FE-AD50-A092-E6BC-B1B1641C0E29}.Debug|Any CPU.ActiveCfg = Debug|Any CPU
		{C4D372FE-AD50-A092-E6BC-B1B1641C0E29}.Debug|Any CPU.Build.0 = Debug|Any CPU
		{C4D372FE-AD50-A092-E6BC-B1B1641C0E29}.Release|Any CPU.ActiveCfg = Release|Any CPU
		{C4D372FE-AD50-A092-E6BC-B1B1641C0E29}.Release|Any CPU.Build.0 = Release|Any CPU
	EndGlobalSection
	GlobalSection(SolutionProperties) = preSolution
		HideSolutionNode = FALSE
	EndGlobalSection
EndGlobal
